
Microsoft Visual Studio Solution File, Format Version 12.00
# Visual Studio Version 17
VisualStudioVersion = 17.2.32630.192
MinimumVisualStudioVersion = 10.0.40219.1
Project("{FAE04EC0-301F-11D3-BF4B-00C04F79EFBC}") = "taikoclone", "taikoclone\taikoclone.csproj", "{D019837C-46D6-4238-9830-1BBE93F62CCC}"
EndProject
Global
	GlobalSection(SolutionConfigurationPlatforms) = preSolution
		Debug|Any CPU = Debug|Any CPU
		Release|Any CPU = Release|Any CPU
	EndGlobalSection
	GlobalSection(ProjectConfigurationPlatforms) = postSolution
		{D019837C-46D6-4238-9830-1BBE93F62CCC}.Debug|Any CPU.ActiveCfg = Debug|Any CPU
		{D019837C-46D6-4238-9830-1BBE93F62CCC}.Debug|Any CPU.Build.0 = Debug|Any CPU
		{D019837C-46D6-4238-9830-1BBE93F62CCC}.Release|Any CPU.ActiveCfg = Release|Any CPU
		{D019837C-46D6-4238-9830-1BBE93F62CCC}.Release|Any CPU.Build.0 = Release|Any CPU
	EndGlobalSection
	GlobalSection(SolutionProperties) = preSolution
		HideSolutionNode = FALSE
	EndGlobalSection
	GlobalSection(ExtensibilityGlobals) = postSolution
		SolutionGuid = {5FFE2F30-A618-40D9-9E8E-F8501A37D7E9}
	EndGlobalSection
EndGlobal
